
Microsoft Visual Studio Solution File, Format Version 12.00
# Visual Studio 15
VisualStudioVersion = 15.0.28307.489
MinimumVisualStudioVersion = 10.0.40219.1
Project("{FAE04EC0-301F-11D3-BF4B-00C04F79EFBC}") = "MotoDatabase", "MotoDatabase\MotoDatabase.csproj", "{88304D37-6543-4E69-8905-DC79FFBB6522}"
EndProject
Global
	GlobalSection(SolutionConfigurationPlatforms) = preSolution
		Debug|Any CPU = Debug|Any CPU
		Release|Any CPU = Release|Any CPU
	EndGlobalSection
	GlobalSection(ProjectConfigurationPlatforms) = postSolution
		{88304D37-6543-4E69-8905-DC79FFBB6522}.Debug|Any CPU.ActiveCfg = Debug|Any CPU
		{88304D37-6543-4E69-8905-DC79FFBB6522}.Debug|Any CPU.Build.0 = Debug|Any CPU
		{88304D37-6543-4E69-8905-DC79FFBB6522}.Release|Any CPU.ActiveCfg = Release|Any CPU
		{88304D37-6543-4E69-8905-DC79FFBB6522}.Release|Any CPU.Build.0 = Release|Any CPU
	EndGlobalSection
	GlobalSection(SolutionProperties) = preSolution
		HideSolutionNode = FALSE
	EndGlobalSection
	GlobalSection(ExtensibilityGlobals) = postSolution
		SolutionGuid = {0D3BB7B9-68F3-47B7-9F32-C55D67CD37AE}
	EndGlobalSection
EndGlobal
