
Microsoft Visual Studio Solution File, Format Version 12.00
# Visual Studio 15
VisualStudioVersion = 15.0.28307.489
MinimumVisualStudioVersion = 10.0.40219.1
Project("{FAE04EC0-301F-11D3-BF4B-00C04F79EFBC}") = "ConsoleAlphabet", "ConsoleAlphabet\ConsoleAlphabet.csproj", "{7F2B07DC-BEBE-4DF5-84BF-627301C9665F}"
EndProject
Project("{FAE04EC0-301F-11D3-BF4B-00C04F79EFBC}") = "ConsoleMove", "ConsoleMove\ConsoleMove.csproj", "{1FA721D4-B864-41C5-B132-826EBC9B1230}"
EndProject
Global
	GlobalSection(SolutionConfigurationPlatforms) = preSolution
		Debug|Any CPU = Debug|Any CPU
		Release|Any CPU = Release|Any CPU
	EndGlobalSection
	GlobalSection(ProjectConfigurationPlatforms) = postSolution
		{7F2B07DC-BEBE-4DF5-84BF-627301C9665F}.Debug|Any CPU.ActiveCfg = Debug|Any CPU
		{7F2B07DC-BEBE-4DF5-84BF-627301C9665F}.Debug|Any CPU.Build.0 = Debug|Any CPU
		{7F2B07DC-BEBE-4DF5-84BF-627301C9665F}.Release|Any CPU.ActiveCfg = Release|Any CPU
		{7F2B07DC-BEBE-4DF5-84BF-627301C9665F}.Release|Any CPU.Build.0 = Release|Any CPU
		{1FA721D4-B864-41C5-B132-826EBC9B1230}.Debug|Any CPU.ActiveCfg = Debug|Any CPU
		{1FA721D4-B864-41C5-B132-826EBC9B1230}.Debug|Any CPU.Build.0 = Debug|Any CPU
		{1FA721D4-B864-41C5-B132-826EBC9B1230}.Release|Any CPU.ActiveCfg = Release|Any CPU
		{1FA721D4-B864-41C5-B132-826EBC9B1230}.Release|Any CPU.Build.0 = Release|Any CPU
	EndGlobalSection
	GlobalSection(SolutionProperties) = preSolution
		HideSolutionNode = FALSE
	EndGlobalSection
	GlobalSection(ExtensibilityGlobals) = postSolution
		SolutionGuid = {56CA35B8-46AA-4FCA-929E-0EA346022EF2}
	EndGlobalSection
EndGlobal
