
Microsoft Visual Studio Solution File, Format Version 12.00
# Visual Studio Version 16
VisualStudioVersion = 16.0.28803.156
MinimumVisualStudioVersion = 10.0.40219.1
Project("{FAE04EC0-301F-11D3-BF4B-00C04F79EFBC}") = "Console_MyStack", "Console_MyStack\Console_MyStack.csproj", "{12A1E3AD-7F8E-4C1E-A1DC-2EA05DC8B4CD}"
EndProject
Global
	GlobalSection(SolutionConfigurationPlatforms) = preSolution
		Debug|Any CPU = Debug|Any CPU
		Release|Any CPU = Release|Any CPU
	EndGlobalSection
	GlobalSection(ProjectConfigurationPlatforms) = postSolution
		{12A1E3AD-7F8E-4C1E-A1DC-2EA05DC8B4CD}.Debug|Any CPU.ActiveCfg = Debug|Any CPU
		{12A1E3AD-7F8E-4C1E-A1DC-2EA05DC8B4CD}.Debug|Any CPU.Build.0 = Debug|Any CPU
		{12A1E3AD-7F8E-4C1E-A1DC-2EA05DC8B4CD}.Release|Any CPU.ActiveCfg = Release|Any CPU
		{12A1E3AD-7F8E-4C1E-A1DC-2EA05DC8B4CD}.Release|Any CPU.Build.0 = Release|Any CPU
	EndGlobalSection
	GlobalSection(SolutionProperties) = preSolution
		HideSolutionNode = FALSE
	EndGlobalSection
	GlobalSection(ExtensibilityGlobals) = postSolution
		SolutionGuid = {FA3A0674-DA15-4D67-82DA-89449884D216}
	EndGlobalSection
EndGlobal
