
Microsoft Visual Studio Solution File, Format Version 12.00
# Visual Studio 15
VisualStudioVersion = 15.0.28307.489
MinimumVisualStudioVersion = 10.0.40219.1
Project("{FAE04EC0-301F-11D3-BF4B-00C04F79EFBC}") = "StringOfPoem", "StringOfPoem\StringOfPoem.csproj", "{205ACC15-217B-42DA-9A89-2957F81A9B14}"
EndProject
Project("{FAE04EC0-301F-11D3-BF4B-00C04F79EFBC}") = "StringChange", "StringChange\StringChange.csproj", "{694665A4-6A06-42F3-9F5F-BD4FE0E25294}"
EndProject
Global
	GlobalSection(SolutionConfigurationPlatforms) = preSolution
		Debug|Any CPU = Debug|Any CPU
		Release|Any CPU = Release|Any CPU
	EndGlobalSection
	GlobalSection(ProjectConfigurationPlatforms) = postSolution
		{205ACC15-217B-42DA-9A89-2957F81A9B14}.Debug|Any CPU.ActiveCfg = Debug|Any CPU
		{205ACC15-217B-42DA-9A89-2957F81A9B14}.Debug|Any CPU.Build.0 = Debug|Any CPU
		{205ACC15-217B-42DA-9A89-2957F81A9B14}.Release|Any CPU.ActiveCfg = Release|Any CPU
		{205ACC15-217B-42DA-9A89-2957F81A9B14}.Release|Any CPU.Build.0 = Release|Any CPU
		{694665A4-6A06-42F3-9F5F-BD4FE0E25294}.Debug|Any CPU.ActiveCfg = Debug|Any CPU
		{694665A4-6A06-42F3-9F5F-BD4FE0E25294}.Debug|Any CPU.Build.0 = Debug|Any CPU
		{694665A4-6A06-42F3-9F5F-BD4FE0E25294}.Release|Any CPU.ActiveCfg = Release|Any CPU
		{694665A4-6A06-42F3-9F5F-BD4FE0E25294}.Release|Any CPU.Build.0 = Release|Any CPU
	EndGlobalSection
	GlobalSection(SolutionProperties) = preSolution
		HideSolutionNode = FALSE
	EndGlobalSection
	GlobalSection(ExtensibilityGlobals) = postSolution
		SolutionGuid = {AE0C1DD0-F1D6-4836-A181-FCE70D6746D5}
	EndGlobalSection
EndGlobal
