
Microsoft Visual Studio Solution File, Format Version 12.00
# Visual Studio 15
VisualStudioVersion = 15.0.28307.489
MinimumVisualStudioVersion = 10.0.40219.1
Project("{FAE04EC0-301F-11D3-BF4B-00C04F79EFBC}") = "SumOfNumbers", "SumOfNumbers\SumOfNumbers.csproj", "{8946FD6B-110F-40EE-A6E1-9620E11DB6D1}"
EndProject
Global
	GlobalSection(SolutionConfigurationPlatforms) = preSolution
		Debug|Any CPU = Debug|Any CPU
		Release|Any CPU = Release|Any CPU
	EndGlobalSection
	GlobalSection(ProjectConfigurationPlatforms) = postSolution
		{8946FD6B-110F-40EE-A6E1-9620E11DB6D1}.Debug|Any CPU.ActiveCfg = Debug|Any CPU
		{8946FD6B-110F-40EE-A6E1-9620E11DB6D1}.Debug|Any CPU.Build.0 = Debug|Any CPU
		{8946FD6B-110F-40EE-A6E1-9620E11DB6D1}.Release|Any CPU.ActiveCfg = Release|Any CPU
		{8946FD6B-110F-40EE-A6E1-9620E11DB6D1}.Release|Any CPU.Build.0 = Release|Any CPU
	EndGlobalSection
	GlobalSection(SolutionProperties) = preSolution
		HideSolutionNode = FALSE
	EndGlobalSection
	GlobalSection(ExtensibilityGlobals) = postSolution
		SolutionGuid = {A01FF841-2619-4F1F-977B-7E7BBACC26C4}
	EndGlobalSection
EndGlobal
